// !$*UTF8*$!
{
	archiveVersion = 1;
	classes = {
	};
	objectVersion = 70;
	objects = {

/* Begin PBXBuildFile section */
		9174635F2B45B10F00A147A0 /* PostSession.swift in Sources */ = {isa = PBXBuildFile; fileRef = 9174635E2B45B10F00A147A0 /* PostSession.swift */; };
		91AD54CA2B449DDC00F4D367 /* HoopsApp.swift in Sources */ = {isa = PBXBuildFile; fileRef = 91AD54C92B449DDC00F4D367 /* HoopsApp.swift */; };
		91AD54CE2B449DDD00F4D367 /* Assets.xcassets in Resources */ = {isa = PBXBuildFile; fileRef = 91AD54CD2B449DDD00F4D367 /* Assets.xcassets */; };
		91AD54D12B449DDD00F4D367 /* Preview Assets.xcassets in Resources */ = {isa = PBXBuildFile; fileRef = 91AD54D02B449DDD00F4D367 /* Preview Assets.xcassets */; };
		91AD54D72B449DDD00F4D367 /* Hoops Watch App.app in Embed Watch Content */ = {isa = PBXBuildFile; fileRef = 91AD54D62B449DDD00F4D367 /* Hoops Watch App.app */; settings = {ATTRIBUTES = (RemoveHeadersOnCopy, ); }; };
		91AD54DC2B449DDD00F4D367 /* HoopsApp.swift in Sources */ = {isa = PBXBuildFile; fileRef = 91AD54DB2B449DDD00F4D367 /* HoopsApp.swift */; };
		91AD54DE2B449DDD00F4D367 /* ContentView.swift in Sources */ = {isa = PBXBuildFile; fileRef = 91AD54DD2B449DDD00F4D367 /* ContentView.swift */; };
		91AD54E02B449DDE00F4D367 /* Assets.xcassets in Resources */ = {isa = PBXBuildFile; fileRef = 91AD54DF2B449DDE00F4D367 /* Assets.xcassets */; };
		91AD54E32B449DDE00F4D367 /* Preview Assets.xcassets in Resources */ = {isa = PBXBuildFile; fileRef = 91AD54E22B449DDE00F4D367 /* Preview Assets.xcassets */; };
		91AD54EE2B449E0A00F4D367 /* ShotSelection.swift in Sources */ = {isa = PBXBuildFile; fileRef = 91AD54ED2B449E0A00F4D367 /* ShotSelection.swift */; };
		91AD54F02B449E3600F4D367 /* SessionSettings.swift in Sources */ = {isa = PBXBuildFile; fileRef = 91AD54EF2B449E3600F4D367 /* SessionSettings.swift */; };
		91AD54F22B449E4600F4D367 /* Session.swift in Sources */ = {isa = PBXBuildFile; fileRef = 91AD54F12B449E4600F4D367 /* Session.swift */; };
		91C36FD42B45EEBE0074E7B1 /* WatchConnectivity.framework in Frameworks */ = {isa = PBXBuildFile; fileRef = 91C36FD32B45EEBE0074E7B1 /* WatchConnectivity.framework */; };
		91C36FD62B45EF6E0074E7B1 /* watchToiOSConnector.swift in Sources */ = {isa = PBXBuildFile; fileRef = 91C36FD52B45EF6E0074E7B1 /* watchToiOSConnector.swift */; };
		91E8ADE32B9BB0A8004D1124 /* WatchConnectivity.framework in Frameworks */ = {isa = PBXBuildFile; fileRef = 91E8ADE22B9BB0A8004D1124 /* WatchConnectivity.framework */; };
/* End PBXBuildFile section */

/* Begin PBXContainerItemProxy section */
		91AE59BE2B9C3EB5002C6D8D /* PBXContainerItemProxy */ = {
			isa = PBXContainerItemProxy;
			containerPortal = 91AD54BE2B449DDC00F4D367 /* Project object */;
			proxyType = 1;
			remoteGlobalIDString = 91AD54D52B449DDD00F4D367;
			remoteInfo = "Hoops Watch App";
		};
/* End PBXContainerItemProxy section */

/* Begin PBXCopyFilesBuildPhase section */
		91AD54E92B449DDE00F4D367 /* Embed Watch Content */ = {
			isa = PBXCopyFilesBuildPhase;
			buildActionMask = 12;
			dstPath = "$(CONTENTS_FOLDER_PATH)/Watch";
			dstSubfolderSpec = 16;
			files = (
				91AD54D72B449DDD00F4D367 /* Hoops Watch App.app in Embed Watch Content */,
			);
			name = "Embed Watch Content";
			runOnlyForDeploymentPostprocessing = 0;
		};
/* End PBXCopyFilesBuildPhase section */

/* Begin PBXFileReference section */
		9174635E2B45B10F00A147A0 /* PostSession.swift */ = {isa = PBXFileReference; lastKnownFileType = sourcecode.swift; path = PostSession.swift; sourceTree = "<group>"; };
		91AD54C62B449DDC00F4D367 /* Hoops.app */ = {isa = PBXFileReference; explicitFileType = wrapper.application; includeInIndex = 0; path = Hoops.app; sourceTree = BUILT_PRODUCTS_DIR; };
		91AD54C92B449DDC00F4D367 /* HoopsApp.swift */ = {isa = PBXFileReference; lastKnownFileType = sourcecode.swift; path = HoopsApp.swift; sourceTree = "<group>"; };
		91AD54CD2B449DDD00F4D367 /* Assets.xcassets */ = {isa = PBXFileReference; lastKnownFileType = folder.assetcatalog; path = Assets.xcassets; sourceTree = "<group>"; };
		91AD54D02B449DDD00F4D367 /* Preview Assets.xcassets */ = {isa = PBXFileReference; lastKnownFileType = folder.assetcatalog; path = "Preview Assets.xcassets"; sourceTree = "<group>"; };
		91AD54D62B449DDD00F4D367 /* Hoops Watch App.app */ = {isa = PBXFileReference; explicitFileType = wrapper.application; includeInIndex = 0; path = "Hoops Watch App.app"; sourceTree = BUILT_PRODUCTS_DIR; };
		91AD54DB2B449DDD00F4D367 /* HoopsApp.swift */ = {isa = PBXFileReference; lastKnownFileType = sourcecode.swift; path = HoopsApp.swift; sourceTree = "<group>"; };
		91AD54DD2B449DDD00F4D367 /* ContentView.swift */ = {isa = PBXFileReference; lastKnownFileType = sourcecode.swift; path = ContentView.swift; sourceTree = "<group>"; };
		91AD54DF2B449DDE00F4D367 /* Assets.xcassets */ = {isa = PBXFileReference; lastKnownFileType = folder.assetcatalog; path = Assets.xcassets; sourceTree = "<group>"; };
		91AD54E22B449DDE00F4D367 /* Preview Assets.xcassets */ = {isa = PBXFileReference; lastKnownFileType = folder.assetcatalog; path = "Preview Assets.xcassets"; sourceTree = "<group>"; };
		91AD54ED2B449E0A00F4D367 /* ShotSelection.swift */ = {isa = PBXFileReference; lastKnownFileType = sourcecode.swift; path = ShotSelection.swift; sourceTree = "<group>"; };
		91AD54EF2B449E3600F4D367 /* SessionSettings.swift */ = {isa = PBXFileReference; lastKnownFileType = sourcecode.swift; path = SessionSettings.swift; sourceTree = "<group>"; };
		91AD54F12B449E4600F4D367 /* Session.swift */ = {isa = PBXFileReference; lastKnownFileType = sourcecode.swift; path = Session.swift; sourceTree = "<group>"; };
		91C36FD32B45EEBE0074E7B1 /* WatchConnectivity.framework */ = {isa = PBXFileReference; lastKnownFileType = wrapper.framework; name = WatchConnectivity.framework; path = Platforms/WatchOS.platform/Developer/SDKs/WatchOS10.2.sdk/System/Library/Frameworks/WatchConnectivity.framework; sourceTree = DEVELOPER_DIR; };
		91C36FD52B45EF6E0074E7B1 /* watchToiOSConnector.swift */ = {isa = PBXFileReference; lastKnownFileType = sourcecode.swift; path = watchToiOSConnector.swift; sourceTree = "<group>"; };
		91E8ADE22B9BB0A8004D1124 /* WatchConnectivity.framework */ = {isa = PBXFileReference; lastKnownFileType = wrapper.framework; name = WatchConnectivity.framework; path = Platforms/iPhoneOS.platform/Developer/SDKs/iPhoneOS17.4.sdk/System/Library/Frameworks/WatchConnectivity.framework; sourceTree = DEVELOPER_DIR; };
/* End PBXFileReference section */

/* Begin PBXFileSystemSynchronizedBuildFileExceptionSet section */
		9101D9A92D4A8EE100C5DBB2 /* PBXFileSystemSynchronizedBuildFileExceptionSet */ = {
			isa = PBXFileSystemSynchronizedBuildFileExceptionSet;
			membershipExceptions = (
				HoopSession.swift,
			);
			target = 91AD54D52B449DDD00F4D367 /* Hoops Watch App */;
		};
/* End PBXFileSystemSynchronizedBuildFileExceptionSet section */

/* Begin PBXFileSystemSynchronizedRootGroup section */
		9101D9A72D4A8EAD00C5DBB2 /* Views */ = {isa = PBXFileSystemSynchronizedRootGroup; explicitFileTypes = {}; explicitFolders = (); path = Views; sourceTree = "<group>"; };
		9101D9A82D4A8ED500C5DBB2 /* Data */ = {isa = PBXFileSystemSynchronizedRootGroup; exceptions = (9101D9A92D4A8EE100C5DBB2 /* PBXFileSystemSynchronizedBuildFileExceptionSet */, ); explicitFileTypes = {}; explicitFolders = (); path = Data; sourceTree = "<group>"; };
		9101D9AA2D4A8EED00C5DBB2 /* Utilities */ = {isa = PBXFileSystemSynchronizedRootGroup; explicitFileTypes = {}; explicitFolders = (); path = Utilities; sourceTree = "<group>"; };
/* End PBXFileSystemSynchronizedRootGroup section */

/* Begin PBXFrameworksBuildPhase section */
		91AD54C32B449DDC00F4D367 /* Frameworks */ = {
			isa = PBXFrameworksBuildPhase;
			buildActionMask = 2147483647;
			files = (
				91E8ADE32B9BB0A8004D1124 /* WatchConnectivity.framework in Frameworks */,
			);
			runOnlyForDeploymentPostprocessing = 0;
		};
		91AD54D32B449DDD00F4D367 /* Frameworks */ = {
			isa = PBXFrameworksBuildPhase;
			buildActionMask = 2147483647;
			files = (
				91C36FD42B45EEBE0074E7B1 /* WatchConnectivity.framework in Frameworks */,
			);
			runOnlyForDeploymentPostprocessing = 0;
		};
/* End PBXFrameworksBuildPhase section */

/* Begin PBXGroup section */
		91AD54BD2B449DDC00F4D367 = {
			isa = PBXGroup;
			children = (
				91AD54C82B449DDC00F4D367 /* Hoops */,
				91AD54DA2B449DDD00F4D367 /* Hoops Watch App */,
				91AD54C72B449DDC00F4D367 /* Products */,
				91C36FD22B45EEBE0074E7B1 /* Frameworks */,
			);
			sourceTree = "<group>";
		};
		91AD54C72B449DDC00F4D367 /* Products */ = {
			isa = PBXGroup;
			children = (
				91AD54C62B449DDC00F4D367 /* Hoops.app */,
				91AD54D62B449DDD00F4D367 /* Hoops Watch App.app */,
			);
			name = Products;
			sourceTree = "<group>";
		};
		91AD54C82B449DDC00F4D367 /* Hoops */ = {
			isa = PBXGroup;
			children = (
				9101D9AA2D4A8EED00C5DBB2 /* Utilities */,
				9101D9A82D4A8ED500C5DBB2 /* Data */,
				9101D9A72D4A8EAD00C5DBB2 /* Views */,
				91AD54C92B449DDC00F4D367 /* HoopsApp.swift */,
				91AD54CD2B449DDD00F4D367 /* Assets.xcassets */,
				91AD54CF2B449DDD00F4D367 /* Preview Content */,
			);
			path = Hoops;
			sourceTree = "<group>";
		};
		91AD54CF2B449DDD00F4D367 /* Preview Content */ = {
			isa = PBXGroup;
			children = (
				91AD54D02B449DDD00F4D367 /* Preview Assets.xcassets */,
			);
			path = "Preview Content";
			sourceTree = "<group>";
		};
		91AD54DA2B449DDD00F4D367 /* Hoops Watch App */ = {
			isa = PBXGroup;
			children = (
				91AD54DB2B449DDD00F4D367 /* HoopsApp.swift */,
				91AD54DF2B449DDE00F4D367 /* Assets.xcassets */,
				91AD54E12B449DDE00F4D367 /* Preview Content */,
				91AD54DD2B449DDD00F4D367 /* ContentView.swift */,
				91AD54ED2B449E0A00F4D367 /* ShotSelection.swift */,
				91AD54EF2B449E3600F4D367 /* SessionSettings.swift */,
				91AD54F12B449E4600F4D367 /* Session.swift */,
				9174635E2B45B10F00A147A0 /* PostSession.swift */,
				91C36FD52B45EF6E0074E7B1 /* watchToiOSConnector.swift */,
			);
			path = "Hoops Watch App";
			sourceTree = "<group>";
		};
		91AD54E12B449DDE00F4D367 /* Preview Content */ = {
			isa = PBXGroup;
			children = (
				91AD54E22B449DDE00F4D367 /* Preview Assets.xcassets */,
			);
			path = "Preview Content";
			sourceTree = "<group>";
		};
		91C36FD22B45EEBE0074E7B1 /* Frameworks */ = {
			isa = PBXGroup;
			children = (
				91E8ADE22B9BB0A8004D1124 /* WatchConnectivity.framework */,
				91C36FD32B45EEBE0074E7B1 /* WatchConnectivity.framework */,
			);
			name = Frameworks;
			sourceTree = "<group>";
		};
/* End PBXGroup section */

/* Begin PBXNativeTarget section */
		91AD54C52B449DDC00F4D367 /* Hoops */ = {
			isa = PBXNativeTarget;
			buildConfigurationList = 91AD54EA2B449DDE00F4D367 /* Build configuration list for PBXNativeTarget "Hoops" */;
			buildPhases = (
				91AD54C22B449DDC00F4D367 /* Sources */,
				91AD54C32B449DDC00F4D367 /* Frameworks */,
				91AD54C42B449DDC00F4D367 /* Resources */,
				91AD54E92B449DDE00F4D367 /* Embed Watch Content */,
			);
			buildRules = (
			);
			dependencies = (
				91AE59BF2B9C3EB5002C6D8D /* PBXTargetDependency */,
			);
			fileSystemSynchronizedGroups = (
				9101D9A72D4A8EAD00C5DBB2 /* Views */,
				9101D9A82D4A8ED500C5DBB2 /* Data */,
				9101D9AA2D4A8EED00C5DBB2 /* Utilities */,
			);
			name = Hoops;
			productName = Hoops;
			productReference = 91AD54C62B449DDC00F4D367 /* Hoops.app */;
			productType = "com.apple.product-type.application";
		};
		91AD54D52B449DDD00F4D367 /* Hoops Watch App */ = {
			isa = PBXNativeTarget;
			buildConfigurationList = 91AD54E62B449DDE00F4D367 /* Build configuration list for PBXNativeTarget "Hoops Watch App" */;
			buildPhases = (
				91AD54D22B449DDD00F4D367 /* Sources */,
				91AD54D32B449DDD00F4D367 /* Frameworks */,
				91AD54D42B449DDD00F4D367 /* Resources */,
			);
			buildRules = (
			);
			dependencies = (
			);
			name = "Hoops Watch App";
			productName = "Hoops Watch App";
			productReference = 91AD54D62B449DDD00F4D367 /* Hoops Watch App.app */;
			productType = "com.apple.product-type.application";
		};
/* End PBXNativeTarget section */

/* Begin PBXProject section */
		91AD54BE2B449DDC00F4D367 /* Project object */ = {
			isa = PBXProject;
			attributes = {
				BuildIndependentTargetsInParallel = 1;
				LastSwiftUpdateCheck = 1510;
				LastUpgradeCheck = 1520;
				TargetAttributes = {
					91AD54C52B449DDC00F4D367 = {
						CreatedOnToolsVersion = 15.1;
					};
					91AD54D52B449DDD00F4D367 = {
						CreatedOnToolsVersion = 15.1;
					};
				};
			};
			buildConfigurationList = 91AD54C12B449DDC00F4D367 /* Build configuration list for PBXProject "Hoops" */;
			compatibilityVersion = "Xcode 14.0";
			developmentRegion = en;
			hasScannedForEncodings = 0;
			knownRegions = (
				en,
				Base,
			);
			mainGroup = 91AD54BD2B449DDC00F4D367;
			productRefGroup = 91AD54C72B449DDC00F4D367 /* Products */;
			projectDirPath = "";
			projectRoot = "";
			targets = (
				91AD54C52B449DDC00F4D367 /* Hoops */,
				91AD54D52B449DDD00F4D367 /* Hoops Watch App */,
			);
		};
/* End PBXProject section */

/* Begin PBXResourcesBuildPhase section */
		91AD54C42B449DDC00F4D367 /* Resources */ = {
			isa = PBXResourcesBuildPhase;
			buildActionMask = 2147483647;
			files = (
				91AD54D12B449DDD00F4D367 /* Preview Assets.xcassets in Resources */,
				91AD54CE2B449DDD00F4D367 /* Assets.xcassets in Resources */,
			);
			runOnlyForDeploymentPostprocessing = 0;
		};
		91AD54D42B449DDD00F4D367 /* Resources */ = {
			isa = PBXResourcesBuildPhase;
			buildActionMask = 2147483647;
			files = (
				91AD54E32B449DDE00F4D367 /* Preview Assets.xcassets in Resources */,
				91AD54E02B449DDE00F4D367 /* Assets.xcassets in Resources */,
			);
			runOnlyForDeploymentPostprocessing = 0;
		};
/* End PBXResourcesBuildPhase section */

/* Begin PBXSourcesBuildPhase section */
		91AD54C22B449DDC00F4D367 /* Sources */ = {
			isa = PBXSourcesBuildPhase;
			buildActionMask = 2147483647;
			files = (
				91AD54CA2B449DDC00F4D367 /* HoopsApp.swift in Sources */,
			);
			runOnlyForDeploymentPostprocessing = 0;
		};
		91AD54D22B449DDD00F4D367 /* Sources */ = {
			isa = PBXSourcesBuildPhase;
			buildActionMask = 2147483647;
			files = (
				91AD54F22B449E4600F4D367 /* Session.swift in Sources */,
				91AD54EE2B449E0A00F4D367 /* ShotSelection.swift in Sources */,
				9174635F2B45B10F00A147A0 /* PostSession.swift in Sources */,
				91AD54F02B449E3600F4D367 /* SessionSettings.swift in Sources */,
				91AD54DE2B449DDD00F4D367 /* ContentView.swift in Sources */,
				91AD54DC2B449DDD00F4D367 /* HoopsApp.swift in Sources */,
				91C36FD62B45EF6E0074E7B1 /* watchToiOSConnector.swift in Sources */,
			);
			runOnlyForDeploymentPostprocessing = 0;
		};
/* End PBXSourcesBuildPhase section */

/* Begin PBXTargetDependency section */
		91AE59BF2B9C3EB5002C6D8D /* PBXTargetDependency */ = {
			isa = PBXTargetDependency;
			target = 91AD54D52B449DDD00F4D367 /* Hoops Watch App */;
			targetProxy = 91AE59BE2B9C3EB5002C6D8D /* PBXContainerItemProxy */;
		};
/* End PBXTargetDependency section */

/* Begin XCBuildConfiguration section */
		91AD54E42B449DDE00F4D367 /* Debug */ = {
			isa = XCBuildConfiguration;
			buildSettings = {
				ALWAYS_SEARCH_USER_PATHS = NO;
				ASSETCATALOG_COMPILER_GENERATE_SWIFT_ASSET_SYMBOL_EXTENSIONS = YES;
				CLANG_ANALYZER_NONNULL = YES;
				CLANG_ANALYZER_NUMBER_OBJECT_CONVERSION = YES_AGGRESSIVE;
				CLANG_CXX_LANGUAGE_STANDARD = "gnu++20";
				CLANG_ENABLE_MODULES = YES;
				CLANG_ENABLE_OBJC_ARC = YES;
				CLANG_ENABLE_OBJC_WEAK = YES;
				CLANG_WARN_BLOCK_CAPTURE_AUTORELEASING = YES;
				CLANG_WARN_BOOL_CONVERSION = YES;
				CLANG_WARN_COMMA = YES;
				CLANG_WARN_CONSTANT_CONVERSION = YES;
				CLANG_WARN_DEPRECATED_OBJC_IMPLEMENTATIONS = YES;
				CLANG_WARN_DIRECT_OBJC_ISA_USAGE = YES_ERROR;
				CLANG_WARN_DOCUMENTATION_COMMENTS = YES;
				CLANG_WARN_EMPTY_BODY = YES;
				CLANG_WARN_ENUM_CONVERSION = YES;
				CLANG_WARN_INFINITE_RECURSION = YES;
				CLANG_WARN_INT_CONVERSION = YES;
				CLANG_WARN_NON_LITERAL_NULL_CONVERSION = YES;
				CLANG_WARN_OBJC_IMPLICIT_RETAIN_SELF = YES;
				CLANG_WARN_OBJC_LITERAL_CONVERSION = YES;
				CLANG_WARN_OBJC_ROOT_CLASS = YES_ERROR;
				CLANG_WARN_QUOTED_INCLUDE_IN_FRAMEWORK_HEADER = YES;
				CLANG_WARN_RANGE_LOOP_ANALYSIS = YES;
				CLANG_WARN_STRICT_PROTOTYPES = YES;
				CLANG_WARN_SUSPICIOUS_MOVE = YES;
				CLANG_WARN_UNGUARDED_AVAILABILITY = YES_AGGRESSIVE;
				CLANG_WARN_UNREACHABLE_CODE = YES;
				CLANG_WARN__DUPLICATE_METHOD_MATCH = YES;
				COPY_PHASE_STRIP = NO;
				DEAD_CODE_STRIPPING = YES;
				DEBUG_INFORMATION_FORMAT = dwarf;
				ENABLE_STRICT_OBJC_MSGSEND = YES;
				ENABLE_TESTABILITY = YES;
				ENABLE_USER_SCRIPT_SANDBOXING = YES;
				GCC_C_LANGUAGE_STANDARD = gnu17;
				GCC_DYNAMIC_NO_PIC = NO;
				GCC_NO_COMMON_BLOCKS = YES;
				GCC_OPTIMIZATION_LEVEL = 0;
				GCC_PREPROCESSOR_DEFINITIONS = (
					"DEBUG=1",
					"$(inherited)",
				);
				GCC_WARN_64_TO_32_BIT_CONVERSION = YES;
				GCC_WARN_ABOUT_RETURN_TYPE = YES_ERROR;
				GCC_WARN_UNDECLARED_SELECTOR = YES;
				GCC_WARN_UNINITIALIZED_AUTOS = YES_AGGRESSIVE;
				GCC_WARN_UNUSED_FUNCTION = YES;
				GCC_WARN_UNUSED_VARIABLE = YES;
				LOCALIZATION_PREFERS_STRING_CATALOGS = YES;
				MTL_ENABLE_DEBUG_INFO = INCLUDE_SOURCE;
				MTL_FAST_MATH = YES;
				ONLY_ACTIVE_ARCH = YES;
				SWIFT_ACTIVE_COMPILATION_CONDITIONS = "DEBUG $(inherited)";
				SWIFT_OPTIMIZATION_LEVEL = "-Onone";
			};
			name = Debug;
		};
		91AD54E52B449DDE00F4D367 /* Release */ = {
			isa = XCBuildConfiguration;
			buildSettings = {
				ALWAYS_SEARCH_USER_PATHS = NO;
				ASSETCATALOG_COMPILER_GENERATE_SWIFT_ASSET_SYMBOL_EXTENSIONS = YES;
				CLANG_ANALYZER_NONNULL = YES;
				CLANG_ANALYZER_NUMBER_OBJECT_CONVERSION = YES_AGGRESSIVE;
				CLANG_CXX_LANGUAGE_STANDARD = "gnu++20";
				CLANG_ENABLE_MODULES = YES;
				CLANG_ENABLE_OBJC_ARC = YES;
				CLANG_ENABLE_OBJC_WEAK = YES;
				CLANG_WARN_BLOCK_CAPTURE_AUTORELEASING = YES;
				CLANG_WARN_BOOL_CONVERSION = YES;
				CLANG_WARN_COMMA = YES;
				CLANG_WARN_CONSTANT_CONVERSION = YES;
				CLANG_WARN_DEPRECATED_OBJC_IMPLEMENTATIONS = YES;
				CLANG_WARN_DIRECT_OBJC_ISA_USAGE = YES_ERROR;
				CLANG_WARN_DOCUMENTATION_COMMENTS = YES;
				CLANG_WARN_EMPTY_BODY = YES;
				CLANG_WARN_ENUM_CONVERSION = YES;
				CLANG_WARN_INFINITE_RECURSION = YES;
				CLANG_WARN_INT_CONVERSION = YES;
				CLANG_WARN_NON_LITERAL_NULL_CONVERSION = YES;
				CLANG_WARN_OBJC_IMPLICIT_RETAIN_SELF = YES;
				CLANG_WARN_OBJC_LITERAL_CONVERSION = YES;
				CLANG_WARN_OBJC_ROOT_CLASS = YES_ERROR;
				CLANG_WARN_QUOTED_INCLUDE_IN_FRAMEWORK_HEADER = YES;
				CLANG_WARN_RANGE_LOOP_ANALYSIS = YES;
				CLANG_WARN_STRICT_PROTOTYPES = YES;
				CLANG_WARN_SUSPICIOUS_MOVE = YES;
				CLANG_WARN_UNGUARDED_AVAILABILITY = YES_AGGRESSIVE;
				CLANG_WARN_UNREACHABLE_CODE = YES;
				CLANG_WARN__DUPLICATE_METHOD_MATCH = YES;
				COPY_PHASE_STRIP = NO;
				DEAD_CODE_STRIPPING = YES;
				DEBUG_INFORMATION_FORMAT = "dwarf-with-dsym";
				ENABLE_NS_ASSERTIONS = NO;
				ENABLE_STRICT_OBJC_MSGSEND = YES;
				ENABLE_USER_SCRIPT_SANDBOXING = YES;
				GCC_C_LANGUAGE_STANDARD = gnu17;
				GCC_NO_COMMON_BLOCKS = YES;
				GCC_WARN_64_TO_32_BIT_CONVERSION = YES;
				GCC_WARN_ABOUT_RETURN_TYPE = YES_ERROR;
				GCC_WARN_UNDECLARED_SELECTOR = YES;
				GCC_WARN_UNINITIALIZED_AUTOS = YES_AGGRESSIVE;
				GCC_WARN_UNUSED_FUNCTION = YES;
				GCC_WARN_UNUSED_VARIABLE = YES;
				LOCALIZATION_PREFERS_STRING_CATALOGS = YES;
				MTL_ENABLE_DEBUG_INFO = NO;
				MTL_FAST_MATH = YES;
				SWIFT_COMPILATION_MODE = wholemodule;
			};
			name = Release;
		};
		91AD54E72B449DDE00F4D367 /* Debug */ = {
			isa = XCBuildConfiguration;
			buildSettings = {
				ASSETCATALOG_COMPILER_APPICON_NAME = AppIcon;
				ASSETCATALOG_COMPILER_GLOBAL_ACCENT_COLOR_NAME = AccentColor;
				CODE_SIGN_IDENTITY = "Apple Development";
				CODE_SIGN_STYLE = Automatic;
				CURRENT_PROJECT_VERSION = 1;
				DEVELOPMENT_ASSET_PATHS = "\"Hoops Watch App/Preview Content\"";
				DEVELOPMENT_TEAM = 2T72RH75T5;
				ENABLE_PREVIEWS = YES;
				GENERATE_INFOPLIST_FILE = YES;
				INFOPLIST_KEY_CFBundleDisplayName = Hoops;
				INFOPLIST_KEY_UISupportedInterfaceOrientations = "UIInterfaceOrientationPortrait UIInterfaceOrientationPortraitUpsideDown";
				INFOPLIST_KEY_WKCompanionAppBundleIdentifier = com.landonwest.Hoops;
				LD_RUNPATH_SEARCH_PATHS = (
					"$(inherited)",
					"@executable_path/Frameworks",
				);
				MARKETING_VERSION = 1.0;
				PRODUCT_BUNDLE_IDENTIFIER = com.landonwest.Hoops.watchkit;
				PRODUCT_NAME = "$(TARGET_NAME)";
				PROVISIONING_PROFILE_SPECIFIER = "";
				SDKROOT = watchos;
				SKIP_INSTALL = YES;
				SWIFT_EMIT_LOC_STRINGS = YES;
				SWIFT_VERSION = 5.0;
				TARGETED_DEVICE_FAMILY = 4;
				WATCHOS_DEPLOYMENT_TARGET = 10.2;
			};
			name = Debug;
		};
		91AD54E82B449DDE00F4D367 /* Release */ = {
			isa = XCBuildConfiguration;
			buildSettings = {
				ASSETCATALOG_COMPILER_APPICON_NAME = AppIcon;
				ASSETCATALOG_COMPILER_GLOBAL_ACCENT_COLOR_NAME = AccentColor;
				CODE_SIGN_IDENTITY = "Apple Development";
				CODE_SIGN_STYLE = Automatic;
				CURRENT_PROJECT_VERSION = 1;
				DEVELOPMENT_ASSET_PATHS = "\"Hoops Watch App/Preview Content\"";
				DEVELOPMENT_TEAM = 2T72RH75T5;
				ENABLE_PREVIEWS = YES;
				GENERATE_INFOPLIST_FILE = YES;
				INFOPLIST_KEY_CFBundleDisplayName = Hoops;
				INFOPLIST_KEY_UISupportedInterfaceOrientations = "UIInterfaceOrientationPortrait UIInterfaceOrientationPortraitUpsideDown";
				INFOPLIST_KEY_WKCompanionAppBundleIdentifier = com.landonwest.Hoops;
				LD_RUNPATH_SEARCH_PATHS = (
					"$(inherited)",
					"@executable_path/Frameworks",
				);
				MARKETING_VERSION = 1.0;
				PRODUCT_BUNDLE_IDENTIFIER = com.landonwest.Hoops.watchkit;
				PRODUCT_NAME = "$(TARGET_NAME)";
				PROVISIONING_PROFILE_SPECIFIER = "";
				SDKROOT = watchos;
				SKIP_INSTALL = YES;
				SWIFT_EMIT_LOC_STRINGS = YES;
				SWIFT_VERSION = 5.0;
				TARGETED_DEVICE_FAMILY = 4;
				VALIDATE_PRODUCT = YES;
				WATCHOS_DEPLOYMENT_TARGET = 10.2;
			};
			name = Release;
		};
		91AD54EB2B449DDE00F4D367 /* Debug */ = {
			isa = XCBuildConfiguration;
			buildSettings = {
				ALWAYS_EMBED_SWIFT_STANDARD_LIBRARIES = YES;
				ASSETCATALOG_COMPILER_APPICON_NAME = AppIcon;
				ASSETCATALOG_COMPILER_GLOBAL_ACCENT_COLOR_NAME = AccentColor;
				CODE_SIGN_IDENTITY = "Apple Development";
				CODE_SIGN_STYLE = Automatic;
				CURRENT_PROJECT_VERSION = 1;
				DEVELOPMENT_ASSET_PATHS = "\"Hoops/Preview Content\"";
				DEVELOPMENT_TEAM = 2T72RH75T5;
				ENABLE_PREVIEWS = YES;
				GENERATE_INFOPLIST_FILE = YES;
				INFOPLIST_KEY_CFBundleDisplayName = Hoops;
				INFOPLIST_KEY_UIApplicationSceneManifest_Generation = YES;
				INFOPLIST_KEY_UIApplicationSupportsIndirectInputEvents = YES;
				INFOPLIST_KEY_UILaunchScreen_Generation = YES;
				INFOPLIST_KEY_UISupportedInterfaceOrientations_iPad = "UIInterfaceOrientationPortrait UIInterfaceOrientationPortraitUpsideDown UIInterfaceOrientationLandscapeLeft UIInterfaceOrientationLandscapeRight";
				INFOPLIST_KEY_UISupportedInterfaceOrientations_iPhone = "UIInterfaceOrientationPortrait UIInterfaceOrientationLandscapeLeft UIInterfaceOrientationLandscapeRight";
				IPHONEOS_DEPLOYMENT_TARGET = 17.2;
				LD_RUNPATH_SEARCH_PATHS = (
					"$(inherited)",
					"@executable_path/Frameworks",
				);
				MARKETING_VERSION = 1.0;
				PRODUCT_BUNDLE_IDENTIFIER = com.landonwest.Hoops;
				PRODUCT_NAME = "$(TARGET_NAME)";
				PROVISIONING_PROFILE_SPECIFIER = "";
				SDKROOT = iphoneos;
				SWIFT_EMIT_LOC_STRINGS = YES;
				SWIFT_VERSION = 5.0;
				TARGETED_DEVICE_FAMILY = "1,2";
			};
			name = Debug;
		};
		91AD54EC2B449DDE00F4D367 /* Release */ = {
			isa = XCBuildConfiguration;
			buildSettings = {
				ALWAYS_EMBED_SWIFT_STANDARD_LIBRARIES = YES;
				ASSETCATALOG_COMPILER_APPICON_NAME = AppIcon;
				ASSETCATALOG_COMPILER_GLOBAL_ACCENT_COLOR_NAME = AccentColor;
				CODE_SIGN_IDENTITY = "Apple Development";
				CODE_SIGN_STYLE = Automatic;
				CURRENT_PROJECT_VERSION = 1;
				DEVELOPMENT_ASSET_PATHS = "\"Hoops/Preview Content\"";
				DEVELOPMENT_TEAM = 2T72RH75T5;
				ENABLE_PREVIEWS = YES;
				GENERATE_INFOPLIST_FILE = YES;
				INFOPLIST_KEY_CFBundleDisplayName = Hoops;
				INFOPLIST_KEY_UIApplicationSceneManifest_Generation = YES;
				INFOPLIST_KEY_UIApplicationSupportsIndirectInputEvents = YES;
				INFOPLIST_KEY_UILaunchScreen_Generation = YES;
				INFOPLIST_KEY_UISupportedInterfaceOrientations_iPad = "UIInterfaceOrientationPortrait UIInterfaceOrientationPortraitUpsideDown UIInterfaceOrientationLandscapeLeft UIInterfaceOrientationLandscapeRight";
				INFOPLIST_KEY_UISupportedInterfaceOrientations_iPhone = "UIInterfaceOrientationPortrait UIInterfaceOrientationLandscapeLeft UIInterfaceOrientationLandscapeRight";
				IPHONEOS_DEPLOYMENT_TARGET = 17.2;
				LD_RUNPATH_SEARCH_PATHS = (
					"$(inherited)",
					"@executable_path/Frameworks",
				);
				MARKETING_VERSION = 1.0;
				PRODUCT_BUNDLE_IDENTIFIER = com.landonwest.Hoops;
				PRODUCT_NAME = "$(TARGET_NAME)";
				PROVISIONING_PROFILE_SPECIFIER = "";
				SDKROOT = iphoneos;
				SWIFT_EMIT_LOC_STRINGS = YES;
				SWIFT_VERSION = 5.0;
				TARGETED_DEVICE_FAMILY = "1,2";
				VALIDATE_PRODUCT = YES;
			};
			name = Release;
		};
/* End XCBuildConfiguration section */

/* Begin XCConfigurationList section */
		91AD54C12B449DDC00F4D367 /* Build configuration list for PBXProject "Hoops" */ = {
			isa = XCConfigurationList;
			buildConfigurations = (
				91AD54E42B449DDE00F4D367 /* Debug */,
				91AD54E52B449DDE00F4D367 /* Release */,
			);
			defaultConfigurationIsVisible = 0;
			defaultConfigurationName = Release;
		};
		91AD54E62B449DDE00F4D367 /* Build configuration list for PBXNativeTarget "Hoops Watch App" */ = {
			isa = XCConfigurationList;
			buildConfigurations = (
				91AD54E72B449DDE00F4D367 /* Debug */,
				91AD54E82B449DDE00F4D367 /* Release */,
			);
			defaultConfigurationIsVisible = 0;
			defaultConfigurationName = Release;
		};
		91AD54EA2B449DDE00F4D367 /* Build configuration list for PBXNativeTarget "Hoops" */ = {
			isa = XCConfigurationList;
			buildConfigurations = (
				91AD54EB2B449DDE00F4D367 /* Debug */,
				91AD54EC2B449DDE00F4D367 /* Release */,
			);
			defaultConfigurationIsVisible = 0;
			defaultConfigurationName = Release;
		};
/* End XCConfigurationList section */
	};
	rootObject = 91AD54BE2B449DDC00F4D367 /* Project object */;
}
